
Microsoft Visual Studio Solution File, Format Version 12.00
# Visual Studio Version 17
VisualStudioVersion = 17.9.34607.119
MinimumVisualStudioVersion = 10.0.40219.1
Project("{FAE04EC0-301F-11D3-BF4B-00C04F79EFBC}") = "ConsoleApp1", "ConsoleApp1\ConsoleApp1.csproj", "{3EBD5F77-8564-4FA9-883A-20E589B85617}"
EndProject
Global
	GlobalSection(SolutionConfigurationPlatforms) = preSolution
		Debug|Any CPU = Debug|Any CPU
		Release|Any CPU = Release|Any CPU
	EndGlobalSection
	GlobalSection(ProjectConfigurationPlatforms) = postSolution
		{3EBD5F77-8564-4FA9-883A-20E589B85617}.Debug|Any CPU.ActiveCfg = Debug|Any CPU
		{3EBD5F77-8564-4FA9-883A-20E589B85617}.Debug|Any CPU.Build.0 = Debug|Any CPU
		{3EBD5F77-8564-4FA9-883A-20E589B85617}.Release|Any CPU.ActiveCfg = Release|Any CPU
		{3EBD5F77-8564-4FA9-883A-20E589B85617}.Release|Any CPU.Build.0 = Release|Any CPU
	EndGlobalSection
	GlobalSection(SolutionProperties) = preSolution
		HideSolutionNode = FALSE
	EndGlobalSection
	GlobalSection(ExtensibilityGlobals) = postSolution
		SolutionGuid = {E1D25AC5-F45C-443C-A7B8-71C93B1F9460}
	EndGlobalSection
EndGlobal
