
Microsoft Visual Studio Solution File, Format Version 12.00
# Visual Studio Version 17
VisualStudioVersion = 17.9.34607.119
MinimumVisualStudioVersion = 10.0.40219.1
Project("{FAE04EC0-301F-11D3-BF4B-00C04F79EFBC}") = "ConsoleApp1", "ConsoleApp1\ConsoleApp1.csproj", "{819CE697-8738-447D-8489-60B8ABDBE04E}"
EndProject
Global
	GlobalSection(SolutionConfigurationPlatforms) = preSolution
		Debug|Any CPU = Debug|Any CPU
		Release|Any CPU = Release|Any CPU
	EndGlobalSection
	GlobalSection(ProjectConfigurationPlatforms) = postSolution
		{819CE697-8738-447D-8489-60B8ABDBE04E}.Debug|Any CPU.ActiveCfg = Debug|Any CPU
		{819CE697-8738-447D-8489-60B8ABDBE04E}.Debug|Any CPU.Build.0 = Debug|Any CPU
		{819CE697-8738-447D-8489-60B8ABDBE04E}.Release|Any CPU.ActiveCfg = Release|Any CPU
		{819CE697-8738-447D-8489-60B8ABDBE04E}.Release|Any CPU.Build.0 = Release|Any CPU
	EndGlobalSection
	GlobalSection(SolutionProperties) = preSolution
		HideSolutionNode = FALSE
	EndGlobalSection
	GlobalSection(ExtensibilityGlobals) = postSolution
		SolutionGuid = {26F332A8-EBA3-4DA6-A78A-4ABAF384C63E}
	EndGlobalSection
EndGlobal
