
Microsoft Visual Studio Solution File, Format Version 12.00
# Visual Studio Version 17
VisualStudioVersion = 17.9.34607.119
MinimumVisualStudioVersion = 10.0.40219.1
Project("{FAE04EC0-301F-11D3-BF4B-00C04F79EFBC}") = "ConsoleApp1", "ConsoleApp1\ConsoleApp1.csproj", "{A88441D1-F3F3-4C65-8887-95F145BC1193}"
EndProject
Global
	GlobalSection(SolutionConfigurationPlatforms) = preSolution
		Debug|Any CPU = Debug|Any CPU
		Release|Any CPU = Release|Any CPU
	EndGlobalSection
	GlobalSection(ProjectConfigurationPlatforms) = postSolution
		{A88441D1-F3F3-4C65-8887-95F145BC1193}.Debug|Any CPU.ActiveCfg = Debug|Any CPU
		{A88441D1-F3F3-4C65-8887-95F145BC1193}.Debug|Any CPU.Build.0 = Debug|Any CPU
		{A88441D1-F3F3-4C65-8887-95F145BC1193}.Release|Any CPU.ActiveCfg = Release|Any CPU
		{A88441D1-F3F3-4C65-8887-95F145BC1193}.Release|Any CPU.Build.0 = Release|Any CPU
	EndGlobalSection
	GlobalSection(SolutionProperties) = preSolution
		HideSolutionNode = FALSE
	EndGlobalSection
	GlobalSection(ExtensibilityGlobals) = postSolution
		SolutionGuid = {1124F8AB-02E2-42E0-8FD6-7660BB1A9DEB}
	EndGlobalSection
EndGlobal
