
Microsoft Visual Studio Solution File, Format Version 12.00
# Visual Studio Version 17
VisualStudioVersion = 17.9.34607.119
MinimumVisualStudioVersion = 10.0.40219.1
Project("{FAE04EC0-301F-11D3-BF4B-00C04F79EFBC}") = "ConsoleApp1", "ConsoleApp1\ConsoleApp1.csproj", "{2D4F11FA-6C27-4B7F-BF46-FD1F16FBE938}"
EndProject
Global
	GlobalSection(SolutionConfigurationPlatforms) = preSolution
		Debug|Any CPU = Debug|Any CPU
		Release|Any CPU = Release|Any CPU
	EndGlobalSection
	GlobalSection(ProjectConfigurationPlatforms) = postSolution
		{2D4F11FA-6C27-4B7F-BF46-FD1F16FBE938}.Debug|Any CPU.ActiveCfg = Debug|Any CPU
		{2D4F11FA-6C27-4B7F-BF46-FD1F16FBE938}.Debug|Any CPU.Build.0 = Debug|Any CPU
		{2D4F11FA-6C27-4B7F-BF46-FD1F16FBE938}.Release|Any CPU.ActiveCfg = Release|Any CPU
		{2D4F11FA-6C27-4B7F-BF46-FD1F16FBE938}.Release|Any CPU.Build.0 = Release|Any CPU
	EndGlobalSection
	GlobalSection(SolutionProperties) = preSolution
		HideSolutionNode = FALSE
	EndGlobalSection
	GlobalSection(ExtensibilityGlobals) = postSolution
		SolutionGuid = {3EB91A3E-1F17-42F8-A2E4-E7F0D23D9357}
	EndGlobalSection
EndGlobal
